github.com/adrg/xdg v0.5.3 h1:xRnxJXne7+oWDatRhR1JLnvuccuIeCoBu2rtuLqQB78=
github.com/adrg/xdg v0.5.3/go.mod h1:nlTsY+NNiCBGCK2tpm09vRqfVzrc2fLmXGpBLF0zlTQ=
github.com/nextmn/cli-xdg v0.0.1 h1:IboSpc2dPINT9/ErwW+9rVFmckaMp7s/oEMx5+kDgL4=
github.com/nextmn/cli-xdg v0.0.1/go.mod h1:Uzay2Eepw4hfwNVHa6KWnb2mj/Cxiyh4iFllbzkavdc=
github.com/nextmn/json-api v0.1.1 h1:uTTfP8BUq23222TJylJmML9KmlDjN7msqX4Emx+DRlM=
github.com/nextmn/json-api v0.1.1/go.mod h1:b42fn9zSrVutyfkQN3rtMHEc9Ll/ZhX3T0CczaQy/fc=
github.com/nextmn/logrus-formatter v0.3.0 h1:X3GEr4IhdyGJKSzuiadVBIiXgO/0HU8RlSBtald0UEQ=
github.com/nextmn/logrus-formatter v0.3.0/go.mod h1:cxZ80PgYrZq8R7sp/UlENRdDCZ93IpPRmzRWasBSdBQ=
github.com/sirupsen/logrus v1.10.2 h1:G2SED73/qrAu6YwbdxOD6peLkCBI3z7L+ykJFTXJBBo=
github.com/sirupsen/logrus v1.10.2/go.mod h1:SLEg8TqYulVKKfIGHldVp2K2aYz2DKSVBq4g/H5bR7Q=
github.com/songgao/water v0.0.0-20200317203138-2b4b6d7c09d8 h1:TG/diQgUe0pntT/2D9tmUCz4VNwm9MfrtPr0SU2qSX8=
github.com/songgao/water v0.0.0-20200317203138-2b4b6d7c09d8/go.mod h1:P5HUIBuIWKbyjl083/loAegFkfbFNx5i2qEP4CNbm7E=
github.com/stretchr/testify v1.12.1 h1:EuwCh5fleGS7H32xRwO3wRGT7DxrDhLAT6FF8MpWDWE=
github.com/stretchr/testify v1.12.1/go.mod h1:MDEgiDPPsNp5cuIrHPPCyornHKgEVbtFUmoNlxoYthg=
github.com/urfave/cli/v3 v3.14.0 h1:a8414NQlHJs0c/iBsulKLzlES0n/lEAskbL2LKpU4/s=
github.com/urfave/cli/v3 v3.14.0/go.mod h1:vXn6HxPNccJSzQr2QvwVncOKrgYGIHU0HY5h8B2nQj4=
go.yaml.in/yaml/v3 v3.0.5 h1:N6y/pJk8buWs9NY5ERU2HSMfm+IuD/OtfdAnq6kESPw=
go.yaml.in/yaml/v3 v3.0.5/go.mod h1:HVTZu1O7/Vkt2N+BFy8Zza+lnLsABggaTM2ZpNIGuKg=
golang.org/x/sys v0.48.0 h1:bbX/i/6MgT9BVLM9RT1thmxL04yeTAhbEz4SyadbXoo=
golang.org/x/sys v0.48.0/go.mod h1:hNLxWAXmnKAxqDtdwIYC4bM9oQPEecfsnNMuSxOs3og=
